
Microsoft Visual Studio Solution File, Format Version 12.00
# Visual Studio Version 16
VisualStudioVersion = 16.0.30717.126
MinimumVisualStudioVersion = 10.0.40219.1
Project("{FAE04EC0-301F-11D3-BF4B-00C04F79EFBC}") = "XperienceAzureFunction", "XperienceAzureFunction\XperienceAzureFunction.csproj", "{B2F6463E-606D-483A-B1A5-15EF209B0B4C}"
EndProject
Project("{FAE04EC0-301F-11D3-BF4B-00C04F79EFBC}") = "Xperience.CustomClasses", "Xperience.CustomClasses\Xperience.CustomClasses.csproj", "{30814281-A655-43C6-B4B5-8CEA3ED14BB4}"
EndProject
Global
	GlobalSection(SolutionConfigurationPlatforms) = preSolution
		Debug|Any CPU = Debug|Any CPU
		Release|Any CPU = Release|Any CPU
	EndGlobalSection
	GlobalSection(ProjectConfigurationPlatforms) = postSolution
		{B2F6463E-606D-483A-B1A5-15EF209B0B4C}.Debug|Any CPU.ActiveCfg = Debug|Any CPU
		{B2F6463E-606D-483A-B1A5-15EF209B0B4C}.Debug|Any CPU.Build.0 = Debug|Any CPU
		{B2F6463E-606D-483A-B1A5-15EF209B0B4C}.Release|Any CPU.ActiveCfg = Release|Any CPU
		{B2F6463E-606D-483A-B1A5-15EF209B0B4C}.Release|Any CPU.Build.0 = Release|Any CPU
		{30814281-A655-43C6-B4B5-8CEA3ED14BB4}.Debug|Any CPU.ActiveCfg = Debug|Any CPU
		{30814281-A655-43C6-B4B5-8CEA3ED14BB4}.Debug|Any CPU.Build.0 = Debug|Any CPU
		{30814281-A655-43C6-B4B5-8CEA3ED14BB4}.Release|Any CPU.ActiveCfg = Release|Any CPU
		{30814281-A655-43C6-B4B5-8CEA3ED14BB4}.Release|Any CPU.Build.0 = Release|Any CPU
	EndGlobalSection
	GlobalSection(SolutionProperties) = preSolution
		HideSolutionNode = FALSE
	EndGlobalSection
	GlobalSection(ExtensibilityGlobals) = postSolution
		SolutionGuid = {FD82108C-9DE3-4F87-9A43-EEB0004E7A2F}
	EndGlobalSection
EndGlobal
